PODS:
  - Alamofire (5.4.1)
  - CocoaAsyncSocket (7.6.5)
  - Moya (14.0.0):
    - Moya/Core (= 14.0.0)
  - Moya/Core (14.0.0):
    - Alamofire (~> 5.0)

DEPENDENCIES:
  - CocoaAsyncSocket
  - Moya

SPEC REPOS:
  trunk:
    - Alamofire
    - CocoaAsyncSocket
    - Moya

SPEC CHECKSUMS:
  Alamofire: 2291f7d21ca607c491dd17642e5d40fdcda0e65c
  CocoaAsyncSocket: 065fd1e645c7abab64f7a6a2007a48038fdc6a99
  Moya: 5b45dacb75adb009f97fde91c204c1e565d31916

PODFILE CHECKSUM: 800ff6181ee6e334c26ee2e4e8bfbeccd4d19dbe

COCOAPODS: 1.10.0
