// !$*UTF8*$!
{
	archiveVersion = 1;
	classes = {
	};
	objectVersion = 50;
	objects = {

/* Begin PBXBuildFile section */
		3BE6444B3795F3D0B1E73CDD /* Pods_Core.framework in Frameworks */ = {isa = PBXBuildFile; fileRef = FF0605D7CC78155B762251E7 /* Pods_Core.framework */; };
		B2C5A2D625A41206002AC54E /* Core.framework in Frameworks */ = {isa = PBXBuildFile; fileRef = B2C5A2CC25A41206002AC54E /* Core.framework */; };
		B2C5A2DB25A41206002AC54E /* CoreTests.swift in Sources */ = {isa = PBXBuildFile; fileRef = B2C5A2DA25A41206002AC54E /* CoreTests.swift */; };
		B2C5A2DD25A41206002AC54E /* Core.h in Headers */ = {isa = PBXBuildFile; fileRef = B2C5A2CF25A41206002AC54E /* Core.h */; settings = {ATTRIBUTES = (Public, ); }; };
		B2C5A35B25A416C5002AC54E /* CoreModel.swift in Sources */ = {isa = PBXBuildFile; fileRef = B2C5A35A25A416C5002AC54E /* CoreModel.swift */; };
		B2F4E68825A43E3B008FF809 /* DataModel.h in Headers */ = {isa = PBXBuildFile; fileRef = B2F4E68625A43E3B008FF809 /* DataModel.h */; settings = {ATTRIBUTES = (Public, ); }; };
		B2F4E68925A43E3B008FF809 /* DataModel.m in Sources */ = {isa = PBXBuildFile; fileRef = B2F4E68725A43E3B008FF809 /* DataModel.m */; };
/* End PBXBuildFile section */

/* Begin PBXContainerItemProxy section */
		B2C5A2D725A41206002AC54E /* PBXContainerItemProxy */ = {
			isa = PBXContainerItemProxy;
			containerPortal = B2C5A2C325A41206002AC54E /* Project object */;
			proxyType = 1;
			remoteGlobalIDString = B2C5A2CB25A41206002AC54E;
			remoteInfo = Core;
		};
/* End PBXContainerItemProxy section */

/* Begin PBXFileReference section */
		0680C212A4CD3EBB479C54B4 /* Pods-Core.release.xcconfig */ = {isa = PBXFileReference; includeInIndex = 1; lastKnownFileType = text.xcconfig; name = "Pods-Core.release.xcconfig"; path = "Target Support Files/Pods-Core/Pods-Core.release.xcconfig"; sourceTree = "<group>"; };
		5949B8E9253705ADFD3D2235 /* Pods-Core.debug.xcconfig */ = {isa = PBXFileReference; includeInIndex = 1; lastKnownFileType = text.xcconfig; name = "Pods-Core.debug.xcconfig"; path = "Target Support Files/Pods-Core/Pods-Core.debug.xcconfig"; sourceTree = "<group>"; };
		B2C5A2CC25A41206002AC54E /* Core.framework */ = {isa = PBXFileReference; explicitFileType = wrapper.framework; includeInIndex = 0; path = Core.framework; sourceTree = BUILT_PRODUCTS_DIR; };
		B2C5A2CF25A41206002AC54E /* Core.h */ = {isa = PBXFileReference; lastKnownFileType = sourcecode.c.h; path = Core.h; sourceTree = "<group>"; };
		B2C5A2D025A41206002AC54E /* Info.plist */ = {isa = PBXFileReference; lastKnownFileType = text.plist.xml; path = Info.plist; sourceTree = "<group>"; };
		B2C5A2D525A41206002AC54E /* CoreTests.xctest */ = {isa = PBXFileReference; explicitFileType = wrapper.cfbundle; includeInIndex = 0; path = CoreTests.xctest; sourceTree = BUILT_PRODUCTS_DIR; };
		B2C5A2DA25A41206002AC54E /* CoreTests.swift */ = {isa = PBXFileReference; lastKnownFileType = sourcecode.swift; path = CoreTests.swift; sourceTree = "<group>"; };
		B2C5A2DC25A41206002AC54E /* Info.plist */ = {isa = PBXFileReference; lastKnownFileType = text.plist.xml; path = Info.plist; sourceTree = "<group>"; };
		B2C5A35A25A416C5002AC54E /* CoreModel.swift */ = {isa = PBXFileReference; lastKnownFileType = sourcecode.swift; path = CoreModel.swift; sourceTree = "<group>"; };
		B2F4E68625A43E3B008FF809 /* DataModel.h */ = {isa = PBXFileReference; lastKnownFileType = sourcecode.c.h; path = DataModel.h; sourceTree = "<group>"; };
		B2F4E68725A43E3B008FF809 /* DataModel.m */ = {isa = PBXFileReference; lastKnownFileType = sourcecode.c.objc; path = DataModel.m; sourceTree = "<group>"; };
		FF0605D7CC78155B762251E7 /* Pods_Core.framework */ = {isa = PBXFileReference; explicitFileType = wrapper.framework; includeInIndex = 0; path = Pods_Core.framework; sourceTree = BUILT_PRODUCTS_DIR; };
/* End PBXFileReference section */

/* Begin PBXFrameworksBuildPhase section */
		B2C5A2C925A41206002AC54E /* Frameworks */ = {
			isa = PBXFrameworksBuildPhase;
			buildActionMask = 2147483647;
			files = (
				3BE6444B3795F3D0B1E73CDD /* Pods_Core.framework in Frameworks */,
			);
			runOnlyForDeploymentPostprocessing = 0;
		};
		B2C5A2D225A41206002AC54E /* Frameworks */ = {
			isa = PBXFrameworksBuildPhase;
			buildActionMask = 2147483647;
			files = (
				B2C5A2D625A41206002AC54E /* Core.framework in Frameworks */,
			);
			runOnlyForDeploymentPostprocessing = 0;
		};
/* End PBXFrameworksBuildPhase section */

/* Begin PBXGroup section */
		88D98D06DC95C787527B8540 /* Pods */ = {
			isa = PBXGroup;
			children = (
				5949B8E9253705ADFD3D2235 /* Pods-Core.debug.xcconfig */,
				0680C212A4CD3EBB479C54B4 /* Pods-Core.release.xcconfig */,
			);
			name = Pods;
			path = ../Pods;
			sourceTree = "<group>";
		};
		B2C5A2C225A41206002AC54E = {
			isa = PBXGroup;
			children = (
				B2C5A2CE25A41206002AC54E /* Core */,
				B2C5A2D925A41206002AC54E /* CoreTests */,
				B2C5A2CD25A41206002AC54E /* Products */,
				88D98D06DC95C787527B8540 /* Pods */,
				F5BFF1E4257E304DB846FEC4 /* Frameworks */,
			);
			sourceTree = "<group>";
		};
		B2C5A2CD25A41206002AC54E /* Products */ = {
			isa = PBXGroup;
			children = (
				B2C5A2CC25A41206002AC54E /* Core.framework */,
				B2C5A2D525A41206002AC54E /* CoreTests.xctest */,
			);
			name = Products;
			sourceTree = "<group>";
		};
		B2C5A2CE25A41206002AC54E /* Core */ = {
			isa = PBXGroup;
			children = (
				B2C5A2CF25A41206002AC54E /* Core.h */,
				B2C5A35A25A416C5002AC54E /* CoreModel.swift */,
				B2C5A2D025A41206002AC54E /* Info.plist */,
				B2F4E68625A43E3B008FF809 /* DataModel.h */,
				B2F4E68725A43E3B008FF809 /* DataModel.m */,
			);
			path = Core;
			sourceTree = "<group>";
		};
		B2C5A2D925A41206002AC54E /* CoreTests */ = {
			isa = PBXGroup;
			children = (
				B2C5A2DA25A41206002AC54E /* CoreTests.swift */,
				B2C5A2DC25A41206002AC54E /* Info.plist */,
			);
			path = CoreTests;
			sourceTree = "<group>";
		};
		F5BFF1E4257E304DB846FEC4 /* Frameworks */ = {
			isa = PBXGroup;
			children = (
				FF0605D7CC78155B762251E7 /* Pods_Core.framework */,
			);
			name = Frameworks;
			sourceTree = "<group>";
		};
/* End PBXGroup section */

/* Begin PBXHeadersBuildPhase section */
		B2C5A2C725A41206002AC54E /* Headers */ = {
			isa = PBXHeadersBuildPhase;
			buildActionMask = 2147483647;
			files = (
				B2F4E68825A43E3B008FF809 /* DataModel.h in Headers */,
				B2C5A2DD25A41206002AC54E /* Core.h in Headers */,
			);
			runOnlyForDeploymentPostprocessing = 0;
		};
/* End PBXHeadersBuildPhase section */

/* Begin PBXNativeTarget section */
		B2C5A2CB25A41206002AC54E /* Core */ = {
			isa = PBXNativeTarget;
			buildConfigurationList = B2C5A2E025A41206002AC54E /* Build configuration list for PBXNativeTarget "Core" */;
			buildPhases = (
				4E9A73D1CC1148B18CA12BB6 /* [CP] Check Pods Manifest.lock */,
				B2C5A2C725A41206002AC54E /* Headers */,
				B2C5A2C825A41206002AC54E /* Sources */,
				B2C5A2C925A41206002AC54E /* Frameworks */,
				B2C5A2CA25A41206002AC54E /* Resources */,
			);
			buildRules = (
			);
			dependencies = (
			);
			name = Core;
			productName = Core;
			productReference = B2C5A2CC25A41206002AC54E /* Core.framework */;
			productType = "com.apple.product-type.framework";
		};
		B2C5A2D425A41206002AC54E /* CoreTests */ = {
			isa = PBXNativeTarget;
			buildConfigurationList = B2C5A2E325A41206002AC54E /* Build configuration list for PBXNativeTarget "CoreTests" */;
			buildPhases = (
				B2C5A2D125A41206002AC54E /* Sources */,
				B2C5A2D225A41206002AC54E /* Frameworks */,
				B2C5A2D325A41206002AC54E /* Resources */,
			);
			buildRules = (
			);
			dependencies = (
				B2C5A2D825A41206002AC54E /* PBXTargetDependency */,
			);
			name = CoreTests;
			productName = CoreTests;
			productReference = B2C5A2D525A41206002AC54E /* CoreTests.xctest */;
			productType = "com.apple.product-type.bundle.unit-test";
		};
/* End PBXNativeTarget section */

/* Begin PBXProject section */
		B2C5A2C325A41206002AC54E /* Project object */ = {
			isa = PBXProject;
			attributes = {
				LastSwiftUpdateCheck = 1230;
				LastUpgradeCheck = 1230;
				TargetAttributes = {
					B2C5A2CB25A41206002AC54E = {
						CreatedOnToolsVersion = 12.3;
						LastSwiftMigration = 1230;
					};
					B2C5A2D425A41206002AC54E = {
						CreatedOnToolsVersion = 12.3;
					};
				};
			};
			buildConfigurationList = B2C5A2C625A41206002AC54E /* Build configuration list for PBXProject "Core" */;
			compatibilityVersion = "Xcode 9.3";
			developmentRegion = en;
			hasScannedForEncodings = 0;
			knownRegions = (
				en,
				Base,
			);
			mainGroup = B2C5A2C225A41206002AC54E;
			productRefGroup = B2C5A2CD25A41206002AC54E /* Products */;
			projectDirPath = "";
			projectRoot = "";
			targets = (
				B2C5A2CB25A41206002AC54E /* Core */,
				B2C5A2D425A41206002AC54E /* CoreTests */,
			);
		};
/* End PBXProject section */

/* Begin PBXResourcesBuildPhase section */
		B2C5A2CA25A41206002AC54E /* Resources */ = {
			isa = PBXResourcesBuildPhase;
			buildActionMask = 2147483647;
			files = (
			);
			runOnlyForDeploymentPostprocessing = 0;
		};
		B2C5A2D325A41206002AC54E /* Resources */ = {
			isa = PBXResourcesBuildPhase;
			buildActionMask = 2147483647;
			files = (
			);
			runOnlyForDeploymentPostprocessing = 0;
		};
/* End PBXResourcesBuildPhase section */

/* Begin PBXShellScriptBuildPhase section */
		4E9A73D1CC1148B18CA12BB6 /* [CP] Check Pods Manifest.lock */ = {
			isa = PBXShellScriptBuildPhase;
			buildActionMask = 2147483647;
			files = (
			);
			inputFileListPaths = (
			);
			inputPaths = (
				"${PODS_PODFILE_DIR_PATH}/Podfile.lock",
				"${PODS_ROOT}/Manifest.lock",
			);
			name = "[CP] Check Pods Manifest.lock";
			outputFileListPaths = (
			);
			outputPaths = (
				"$(DERIVED_FILE_DIR)/Pods-Core-checkManifestLockResult.txt",
			);
			runOnlyForDeploymentPostprocessing = 0;
			shellPath = /bin/sh;
			shellScript = "diff \"${PODS_PODFILE_DIR_PATH}/Podfile.lock\" \"${PODS_ROOT}/Manifest.lock\" > /dev/null\nif [ $? != 0 ] ; then\n    # print error to STDERR\n    echo \"error: The sandbox is not in sync with the Podfile.lock. Run 'pod install' or update your CocoaPods installation.\" >&2\n    exit 1\nfi\n# This output is used by Xcode 'outputs' to avoid re-running this script phase.\necho \"SUCCESS\" > \"${SCRIPT_OUTPUT_FILE_0}\"\n";
			showEnvVarsInLog = 0;
		};
/* End PBXShellScriptBuildPhase section */

/* Begin PBXSourcesBuildPhase section */
		B2C5A2C825A41206002AC54E /* Sources */ = {
			isa = PBXSourcesBuildPhase;
			buildActionMask = 2147483647;
			files = (
				B2C5A35B25A416C5002AC54E /* CoreModel.swift in Sources */,
				B2F4E68925A43E3B008FF809 /* DataModel.m in Sources */,
			);
			runOnlyForDeploymentPostprocessing = 0;
		};
		B2C5A2D125A41206002AC54E /* Sources */ = {
			isa = PBXSourcesBuildPhase;
			buildActionMask = 2147483647;
			files = (
				B2C5A2DB25A41206002AC54E /* CoreTests.swift in Sources */,
			);
			runOnlyForDeploymentPostprocessing = 0;
		};
/* End PBXSourcesBuildPhase section */

/* Begin PBXTargetDependency section */
		B2C5A2D825A41206002AC54E /* PBXTargetDependency */ = {
			isa = PBXTargetDependency;
			target = B2C5A2CB25A41206002AC54E /* Core */;
			targetProxy = B2C5A2D725A41206002AC54E /* PBXContainerItemProxy */;
		};
/* End PBXTargetDependency section */

/* Begin XCBuildConfiguration section */
		B2C5A2DE25A41206002AC54E /* Debug */ = {
			isa = XCBuildConfiguration;
			buildSettings = {
				ALWAYS_SEARCH_USER_PATHS = NO;
				CLANG_ALLOW_NON_MODULAR_INCLUDES_IN_FRAMEWORK_MODULES = YES;
				CLANG_ANALYZER_NONNULL = YES;
				CLANG_ANALYZER_NUMBER_OBJECT_CONVERSION = YES_AGGRESSIVE;
				CLANG_CXX_LANGUAGE_STANDARD = "gnu++14";
				CLANG_CXX_LIBRARY = "libc++";
				CLANG_ENABLE_MODULES = YES;
				CLANG_ENABLE_OBJC_ARC = YES;
				CLANG_ENABLE_OBJC_WEAK = YES;
				CLANG_WARN_BLOCK_CAPTURE_AUTORELEASING = YES;
				CLANG_WARN_BOOL_CONVERSION = YES;
				CLANG_WARN_COMMA = YES;
				CLANG_WARN_CONSTANT_CONVERSION = YES;
				CLANG_WARN_DEPRECATED_OBJC_IMPLEMENTATIONS = YES;
				CLANG_WARN_DIRECT_OBJC_ISA_USAGE = YES_ERROR;
				CLANG_WARN_DOCUMENTATION_COMMENTS = YES;
				CLANG_WARN_EMPTY_BODY = YES;
				CLANG_WARN_ENUM_CONVERSION = YES;
				CLANG_WARN_INFINITE_RECURSION = YES;
				CLANG_WARN_INT_CONVERSION = YES;
				CLANG_WARN_NON_LITERAL_NULL_CONVERSION = YES;
				CLANG_WARN_OBJC_IMPLICIT_RETAIN_SELF = YES;
				CLANG_WARN_OBJC_LITERAL_CONVERSION = YES;
				CLANG_WARN_OBJC_ROOT_CLASS = YES_ERROR;
				CLANG_WARN_QUOTED_INCLUDE_IN_FRAMEWORK_HEADER = YES;
				CLANG_WARN_RANGE_LOOP_ANALYSIS = YES;
				CLANG_WARN_STRICT_PROTOTYPES = YES;
				CLANG_WARN_SUSPICIOUS_MOVE = YES;
				CLANG_WARN_UNGUARDED_AVAILABILITY = YES_AGGRESSIVE;
				CLANG_WARN_UNREACHABLE_CODE = YES;
				CLANG_WARN__DUPLICATE_METHOD_MATCH = YES;
				COPY_PHASE_STRIP = NO;
				CURRENT_PROJECT_VERSION = 1;
				DEBUG_INFORMATION_FORMAT = dwarf;
				DEFINES_MODULE = YES;
				ENABLE_STRICT_OBJC_MSGSEND = YES;
				ENABLE_TESTABILITY = YES;
				GCC_C_LANGUAGE_STANDARD = gnu11;
				GCC_DYNAMIC_NO_PIC = NO;
				GCC_NO_COMMON_BLOCKS = YES;
				GCC_OPTIMIZATION_LEVEL = 0;
				GCC_PREPROCESSOR_DEFINITIONS = (
					"DEBUG=1",
					"$(inherited)",
				);
				GCC_WARN_64_TO_32_BIT_CONVERSION = YES;
				GCC_WARN_ABOUT_RETURN_TYPE = YES_ERROR;
				GCC_WARN_UNDECLARED_SELECTOR = YES;
				GCC_WARN_UNINITIALIZED_AUTOS = YES_AGGRESSIVE;
				GCC_WARN_UNUSED_FUNCTION = YES;
				GCC_WARN_UNUSED_VARIABLE = YES;
				IPHONEOS_DEPLOYMENT_TARGET = 11.0;
				MTL_ENABLE_DEBUG_INFO = INCLUDE_SOURCE;
				MTL_FAST_MATH = YES;
				ONLY_ACTIVE_ARCH = YES;
				SDKROOT = iphoneos;
				SWIFT_ACTIVE_COMPILATION_CONDITIONS = DEBUG;
				SWIFT_OBJC_BRIDGING_HEADER = "";
				SWIFT_OPTIMIZATION_LEVEL = "-Onone";
				VERSIONING_SYSTEM = "apple-generic";
				VERSION_INFO_PREFIX = "";
			};
			name = Debug;
		};
		B2C5A2DF25A41206002AC54E /* Release */ = {
			isa = XCBuildConfiguration;
			buildSettings = {
				ALWAYS_SEARCH_USER_PATHS = NO;
				CLANG_ALLOW_NON_MODULAR_INCLUDES_IN_FRAMEWORK_MODULES = YES;
				CLANG_ANALYZER_NONNULL = YES;
				CLANG_ANALYZER_NUMBER_OBJECT_CONVERSION = YES_AGGRESSIVE;
				CLANG_CXX_LANGUAGE_STANDARD = "gnu++14";
				CLANG_CXX_LIBRARY = "libc++";
				CLANG_ENABLE_MODULES = YES;
				CLANG_ENABLE_OBJC_ARC = YES;
				CLANG_ENABLE_OBJC_WEAK = YES;
				CLANG_WARN_BLOCK_CAPTURE_AUTORELEASING = YES;
				CLANG_WARN_BOOL_CONVERSION = YES;
				CLANG_WARN_COMMA = YES;
				CLANG_WARN_CONSTANT_CONVERSION = YES;
				CLANG_WARN_DEPRECATED_OBJC_IMPLEMENTATIONS = YES;
				CLANG_WARN_DIRECT_OBJC_ISA_USAGE = YES_ERROR;
				CLANG_WARN_DOCUMENTATION_COMMENTS = YES;
				CLANG_WARN_EMPTY_BODY = YES;
				CLANG_WARN_ENUM_CONVERSION = YES;
				CLANG_WARN_INFINITE_RECURSION = YES;
				CLANG_WARN_INT_CONVERSION = YES;
				CLANG_WARN_NON_LITERAL_NULL_CONVERSION = YES;
				CLANG_WARN_OBJC_IMPLICIT_RETAIN_SELF = YES;
				CLANG_WARN_OBJC_LITERAL_CONVERSION = YES;
				CLANG_WARN_OBJC_ROOT_CLASS = YES_ERROR;
				CLANG_WARN_QUOTED_INCLUDE_IN_FRAMEWORK_HEADER = YES;
				CLANG_WARN_RANGE_LOOP_ANALYSIS = YES;
				CLANG_WARN_STRICT_PROTOTYPES = YES;
				CLANG_WARN_SUSPICIOUS_MOVE = YES;
				CLANG_WARN_UNGUARDED_AVAILABILITY = YES_AGGRESSIVE;
				CLANG_WARN_UNREACHABLE_CODE = YES;
				CLANG_WARN__DUPLICATE_METHOD_MATCH = YES;
				COPY_PHASE_STRIP = NO;
				CURRENT_PROJECT_VERSION = 1;
				DEBUG_INFORMATION_FORMAT = "dwarf-with-dsym";
				DEFINES_MODULE = YES;
				ENABLE_NS_ASSERTIONS = NO;
				ENABLE_STRICT_OBJC_MSGSEND = YES;
				GCC_C_LANGUAGE_STANDARD = gnu11;
				GCC_NO_COMMON_BLOCKS = YES;
				GCC_WARN_64_TO_32_BIT_CONVERSION = YES;
				GCC_WARN_ABOUT_RETURN_TYPE = YES_ERROR;
				GCC_WARN_UNDECLARED_SELECTOR = YES;
				GCC_WARN_UNINITIALIZED_AUTOS = YES_AGGRESSIVE;
				GCC_WARN_UNUSED_FUNCTION = YES;
				GCC_WARN_UNUSED_VARIABLE = YES;
				IPHONEOS_DEPLOYMENT_TARGET = 11.0;
				MTL_ENABLE_DEBUG_INFO = NO;
				MTL_FAST_MATH = YES;
				SDKROOT = iphoneos;
				SWIFT_COMPILATION_MODE = wholemodule;
				SWIFT_OBJC_BRIDGING_HEADER = "";
				SWIFT_OPTIMIZATION_LEVEL = "-O";
				VALIDATE_PRODUCT = YES;
				VERSIONING_SYSTEM = "apple-generic";
				VERSION_INFO_PREFIX = "";
			};
			name = Release;
		};
		B2C5A2E125A41206002AC54E /* Debug */ = {
			isa = XCBuildConfiguration;
			baseConfigurationReference = 5949B8E9253705ADFD3D2235 /* Pods-Core.debug.xcconfig */;
			buildSettings = {
				CLANG_ALLOW_NON_MODULAR_INCLUDES_IN_FRAMEWORK_MODULES = NO;
				CLANG_ENABLE_MODULES = YES;
				CODE_SIGN_STYLE = Automatic;
				DEFINES_MODULE = YES;
				DYLIB_COMPATIBILITY_VERSION = 1;
				DYLIB_CURRENT_VERSION = 1;
				DYLIB_INSTALL_NAME_BASE = "@rpath";
				INFOPLIST_FILE = Core/Info.plist;
				INSTALL_PATH = "$(LOCAL_LIBRARY_DIR)/Frameworks";
				LD_RUNPATH_SEARCH_PATHS = (
					"$(inherited)",
					"@executable_path/Frameworks",
					"@loader_path/Frameworks",
				);
				PRODUCT_BUNDLE_IDENTIFIER = toy.Core;
				PRODUCT_NAME = "$(TARGET_NAME:c99extidentifier)";
				SKIP_INSTALL = YES;
				SWIFT_OBJC_BRIDGING_HEADER = "";
				SWIFT_OPTIMIZATION_LEVEL = "-Onone";
				SWIFT_VERSION = 5.0;
				TARGETED_DEVICE_FAMILY = "1,2";
			};
			name = Debug;
		};
		B2C5A2E225A41206002AC54E /* Release */ = {
			isa = XCBuildConfiguration;
			baseConfigurationReference = 0680C212A4CD3EBB479C54B4 /* Pods-Core.release.xcconfig */;
			buildSettings = {
				CLANG_ALLOW_NON_MODULAR_INCLUDES_IN_FRAMEWORK_MODULES = NO;
				CLANG_ENABLE_MODULES = YES;
				CODE_SIGN_STYLE = Automatic;
				DEFINES_MODULE = YES;
				DYLIB_COMPATIBILITY_VERSION = 1;
				DYLIB_CURRENT_VERSION = 1;
				DYLIB_INSTALL_NAME_BASE = "@rpath";
				INFOPLIST_FILE = Core/Info.plist;
				INSTALL_PATH = "$(LOCAL_LIBRARY_DIR)/Frameworks";
				LD_RUNPATH_SEARCH_PATHS = (
					"$(inherited)",
					"@executable_path/Frameworks",
					"@loader_path/Frameworks",
				);
				PRODUCT_BUNDLE_IDENTIFIER = toy.Core;
				PRODUCT_NAME = "$(TARGET_NAME:c99extidentifier)";
				SKIP_INSTALL = YES;
				SWIFT_OBJC_BRIDGING_HEADER = "";
				SWIFT_VERSION = 5.0;
				TARGETED_DEVICE_FAMILY = "1,2";
			};
			name = Release;
		};
		B2C5A2E425A41206002AC54E /* Debug */ = {
			isa = XCBuildConfiguration;
			buildSettings = {
				ALWAYS_EMBED_SWIFT_STANDARD_LIBRARIES = YES;
				CODE_SIGN_STYLE = Automatic;
				INFOPLIST_FILE = CoreTests/Info.plist;
				LD_RUNPATH_SEARCH_PATHS = (
					"$(inherited)",
					"@executable_path/Frameworks",
					"@loader_path/Frameworks",
				);
				PRODUCT_BUNDLE_IDENTIFIER = toy.CoreTests;
				PRODUCT_NAME = "$(TARGET_NAME)";
				SWIFT_VERSION = 5.0;
				TARGETED_DEVICE_FAMILY = "1,2";
			};
			name = Debug;
		};
		B2C5A2E525A41206002AC54E /* Release */ = {
			isa = XCBuildConfiguration;
			buildSettings = {
				ALWAYS_EMBED_SWIFT_STANDARD_LIBRARIES = YES;
				CODE_SIGN_STYLE = Automatic;
				INFOPLIST_FILE = CoreTests/Info.plist;
				LD_RUNPATH_SEARCH_PATHS = (
					"$(inherited)",
					"@executable_path/Frameworks",
					"@loader_path/Frameworks",
				);
				PRODUCT_BUNDLE_IDENTIFIER = toy.CoreTests;
				PRODUCT_NAME = "$(TARGET_NAME)";
				SWIFT_VERSION = 5.0;
				TARGETED_DEVICE_FAMILY = "1,2";
			};
			name = Release;
		};
/* End XCBuildConfiguration section */

/* Begin XCConfigurationList section */
		B2C5A2C625A41206002AC54E /* Build configuration list for PBXProject "Core" */ = {
			isa = XCConfigurationList;
			buildConfigurations = (
				B2C5A2DE25A41206002AC54E /* Debug */,
				B2C5A2DF25A41206002AC54E /* Release */,
			);
			defaultConfigurationIsVisible = 0;
			defaultConfigurationName = Release;
		};
		B2C5A2E025A41206002AC54E /* Build configuration list for PBXNativeTarget "Core" */ = {
			isa = XCConfigurationList;
			buildConfigurations = (
				B2C5A2E125A41206002AC54E /* Debug */,
				B2C5A2E225A41206002AC54E /* Release */,
			);
			defaultConfigurationIsVisible = 0;
			defaultConfigurationName = Release;
		};
		B2C5A2E325A41206002AC54E /* Build configuration list for PBXNativeTarget "CoreTests" */ = {
			isa = XCConfigurationList;
			buildConfigurations = (
				B2C5A2E425A41206002AC54E /* Debug */,
				B2C5A2E525A41206002AC54E /* Release */,
			);
			defaultConfigurationIsVisible = 0;
			defaultConfigurationName = Release;
		};
/* End XCConfigurationList section */
	};
	rootObject = B2C5A2C325A41206002AC54E /* Project object */;
}
